
Microsoft Visual Studio Solution File, Format Version 12.00
# Visual Studio 15
VisualStudioVersion = 15.0.27130.2024
MinimumVisualStudioVersion = 10.0.40219.1
Project("{2150E333-8FDC-42A3-9474-1A3956D46DE8}") = "Solution Items", "Solution Items", "{C576E364-3516-4E09-984E-82124D7F6008}"
EndProject
Project("{2150E333-8FDC-42A3-9474-1A3956D46DE8}") = "Utilities", "Utilities", "{B09AF3DD-B966-4677-93CB-424B6C7C3E2F}"
EndProject
Project("{2150E333-8FDC-42A3-9474-1A3956D46DE8}") = "Archive", "Archive", "{444583E0-33F1-4C62-8FE7-18B4DE80BBC5}"
EndProject
Project("{FAE04EC0-301F-11D3-BF4B-00C04F79EFBC}") = "Vote", "Vote\Vote.csproj", "{8A2AF8BE-DADA-4BF6-8F4D-28B93D6E3CBC}"
EndProject
Project("{54435603-DBB4-11D2-8724-00A0C9A8B90C}") = "VoteWebSetup", "VoteWebSetup\VoteWebSetup.vdproj", "{9384ADD5-16A9-4F45-898C-9369123DE87D}"
EndProject
Project("{FAE04EC0-301F-11D3-BF4B-00C04F79EFBC}") = "CreateSitemaps", "CreateSitemaps\CreateSitemaps.csproj", "{C392657D-BE24-4BBC-B39C-4C9DEC5C1807}"
EndProject
Project("{FAE04EC0-301F-11D3-BF4B-00C04F79EFBC}") = "UtilityLibrary", "UtilityLibrary\UtilityLibrary.csproj", "{E05CEB40-9FBB-4013-9D18-400E610C8017}"
EndProject
Project("{FAE04EC0-301F-11D3-BF4B-00C04F79EFBC}") = "CommonCacheInvalidation", "CommonCacheInvalidation\CommonCacheInvalidation.csproj", "{847EEFF7-39B0-4905-ADB7-4FF351EEC80A}"
EndProject
Project("{FAE04EC0-301F-11D3-BF4B-00C04F79EFBC}") = "LocalCacheInvalidation", "LocalCacheInvalidation\LocalCacheInvalidation.csproj", "{FCDD1271-9F68-4C94-9390-647FDA305BEC}"
EndProject
Project("{FAE04EC0-301F-11D3-BF4B-00C04F79EFBC}") = "CommonCacheCleanup", "CommonCacheCleanup\CommonCacheCleanup.csproj", "{35E0EF77-0AFD-480C-99C3-5DB4E2F53493}"
EndProject
Project("{FAE04EC0-301F-11D3-BF4B-00C04F79EFBC}") = "GetPoliticianImagesFromLogs", "GetPoliticianImagesFromLogs\GetPoliticianImagesFromLogs.csproj", "{27DD79ED-1792-4490-9D9A-D337541744C3}"
EndProject
Project("{FAE04EC0-301F-11D3-BF4B-00C04F79EFBC}") = "UpdatePoliticiansLiveOfficeKey", "UpdatePoliticiansLiveOfficeKey\UpdatePoliticiansLiveOfficeKey.csproj", "{BA4D068D-DAB9-4633-9655-627A852F23AC}"
EndProject
Project("{FAE04EC0-301F-11D3-BF4B-00C04F79EFBC}") = "ReportInfoLogSummary", "ReportInfoLogSummary\ReportInfoLogSummary.csproj", "{EB1D2BAF-E417-4B51-9E82-47FDE4C80CE6}"
EndProject
Project("{FAE04EC0-301F-11D3-BF4B-00C04F79EFBC}") = "VotePrebuild", "VotePrebuild\VotePrebuild.csproj", "{8C66A5E1-3217-462D-96B0-0C43F3654EA5}"
EndProject
Project("{FAE04EC0-301F-11D3-BF4B-00C04F79EFBC}") = "WebProxy", "WebProxy\WebProxy.csproj", "{A827C244-EB68-4040-9C86-05B212D924D7}"
EndProject
Project("{FAE04EC0-301F-11D3-BF4B-00C04F79EFBC}") = "DisqusLoad", "DisqusLoad\DisqusLoad.csproj", "{4D938355-48AC-48CD-A6A3-EF1B96620388}"
EndProject
Project("{FAE04EC0-301F-11D3-BF4B-00C04F79EFBC}") = "DbClassGeneratorLibrary", "DbClassGeneratorLibrary\DbClassGeneratorLibrary.csproj", "{BCC105FB-A56F-4380-847F-3CF38358AE5B}"
EndProject
Project("{FAE04EC0-301F-11D3-BF4B-00C04F79EFBC}") = "DbClassTool", "DbClassTool\DbClassTool.csproj", "{C6299744-D368-4ADC-9830-CA677C5D8DA7}"
EndProject
Project("{FAE04EC0-301F-11D3-BF4B-00C04F79EFBC}") = "VoteAdmin", "VoteAdmin\VoteAdmin.csproj", "{09D87237-7CFB-43AD-93D1-86EB77AB8E53}"
EndProject
Project("{FAE04EC0-301F-11D3-BF4B-00C04F79EFBC}") = "VoteLibrary", "VoteLibrary\VoteLibrary.csproj", "{C9E79074-C774-4D06-8ED3-C5472C4A9B82}"
EndProject
Project("{54435603-DBB4-11D2-8724-00A0C9A8B90C}") = "VoteAdminSetup", "VoteAdminSetup\VoteAdminSetup.vdproj", "{90DAA4EE-AAE6-4B46-A3C3-C17AC7DD432B}"
EndProject
Project("{54435603-DBB4-11D2-8724-00A0C9A8B90C}") = "WebProxySetup", "WebProxySetup\WebProxySetup.vdproj", "{61C8F3A3-C58C-4577-B012-27889B08ECE0}"
EndProject
Project("{FAE04EC0-301F-11D3-BF4B-00C04F79EFBC}") = "Geocode Addresses", "Geocode Addresses\Geocode Addresses.csproj", "{EA172B89-77F6-4B69-8AFF-17B0980861E2}"
EndProject
Project("{FAE04EC0-301F-11D3-BF4B-00C04F79EFBC}") = "TestFacebookVideos", "TestFacebookVideos\TestFacebookVideos.csproj", "{EACE7ED9-6DD3-455F-A1B5-3FF2EED9C0C2}"
EndProject
Project("{FAE04EC0-301F-11D3-BF4B-00C04F79EFBC}") = "TestDataScienceToolkit", "TestDataScienceToolkit\TestDataScienceToolkit.csproj", "{46603FBA-21DF-4A82-8DF2-A77CA992CE95}"
EndProject
Project("{FAE04EC0-301F-11D3-BF4B-00C04F79EFBC}") = "ExcelTest", "ExcelTest\ExcelTest.csproj", "{C782B255-282A-4CF5-9B53-320896BCCD33}"
EndProject
Project("{FAE04EC0-301F-11D3-BF4B-00C04F79EFBC}") = "TestGetYouTubeVideoInfo", "TestGetYouTubeVideoInfo\TestGetYouTubeVideoInfo.csproj", "{2EACA9B2-F39C-4636-8D64-263486E000F8}"
EndProject
Project("{FAE04EC0-301F-11D3-BF4B-00C04F79EFBC}") = "PreprocessIssues", "PreprocessIssues\PreprocessIssues.csproj", "{A2CBC8E0-DEE1-48C3-9949-70AADA5D32AD}"
EndProject
Project("{FAE04EC0-301F-11D3-BF4B-00C04F79EFBC}") = "LoadOrgs", "LoadOrgs\LoadOrgs.csproj", "{3956973E-9414-4603-93EE-DCA151679694}"
EndProject
Project("{FAE04EC0-301F-11D3-BF4B-00C04F79EFBC}") = "CheckPrimaries", "CheckPrimaries\CheckPrimaries.csproj", "{1B601014-8173-4036-95F8-87B6DD131DED}"
EndProject
Project("{FAE04EC0-301F-11D3-BF4B-00C04F79EFBC}") = "PatchTest", "PatchTest\PatchTest.csproj", "{5615CA95-EB04-4555-BC95-DE62763F3994}"
EndProject
Project("{FAE04EC0-301F-11D3-BF4B-00C04F79EFBC}") = "SetUpIssues", "SetUpIssues\SetUpIssues.csproj", "{13E3A8BC-E8CC-4206-9C62-BC4394D2424A}"
EndProject
Project("{FAE04EC0-301F-11D3-BF4B-00C04F79EFBC}") = "LoadDonations", "LoadDonations\LoadDonations.csproj", "{76F5F7C6-B3B2-46E4-8DB1-0F0534239FCE}"
EndProject
Global
	GlobalSection(SolutionConfigurationPlatforms) = preSolution
		Debug|Any CPU = Debug|Any CPU
		Debug|Mixed Platforms = Debug|Mixed Platforms
		Debug|x86 = Debug|x86
		RackspaceLocal|Any CPU = RackspaceLocal|Any CPU
		RackspaceLocal|Mixed Platforms = RackspaceLocal|Mixed Platforms
		RackspaceLocal|x86 = RackspaceLocal|x86
		Release|Any CPU = Release|Any CPU
		Release|Mixed Platforms = Release|Mixed Platforms
		Release|x86 = Release|x86
		Staging|Any CPU = Staging|Any CPU
		Staging|Mixed Platforms = Staging|Mixed Platforms
		Staging|x86 = Staging|x86
	EndGlobalSection
	GlobalSection(ProjectConfigurationPlatforms) = postSolution
		{8A2AF8BE-DADA-4BF6-8F4D-28B93D6E3CBC}.Debug|Any CPU.ActiveCfg = Debug|Any CPU
		{8A2AF8BE-DADA-4BF6-8F4D-28B93D6E3CBC}.Debug|Any CPU.Build.0 = Debug|Any CPU
		{8A2AF8BE-DADA-4BF6-8F4D-28B93D6E3CBC}.Debug|Mixed Platforms.ActiveCfg = Debug|Any CPU
		{8A2AF8BE-DADA-4BF6-8F4D-28B93D6E3CBC}.Debug|Mixed Platforms.Build.0 = Debug|Any CPU
		{8A2AF8BE-DADA-4BF6-8F4D-28B93D6E3CBC}.Debug|x86.ActiveCfg = Debug|Any CPU
		{8A2AF8BE-DADA-4BF6-8F4D-28B93D6E3CBC}.RackspaceLocal|Any CPU.ActiveCfg = Release|Any CPU
		{8A2AF8BE-DADA-4BF6-8F4D-28B93D6E3CBC}.RackspaceLocal|Mixed Platforms.ActiveCfg = Release|Any CPU
		{8A2AF8BE-DADA-4BF6-8F4D-28B93D6E3CBC}.RackspaceLocal|x86.ActiveCfg = Release|Any CPU
		{8A2AF8BE-DADA-4BF6-8F4D-28B93D6E3CBC}.Release|Any CPU.ActiveCfg = Release|Any CPU
		{8A2AF8BE-DADA-4BF6-8F4D-28B93D6E3CBC}.Release|Any CPU.Build.0 = Release|Any CPU
		{8A2AF8BE-DADA-4BF6-8F4D-28B93D6E3CBC}.Release|Mixed Platforms.ActiveCfg = Release|Any CPU
		{8A2AF8BE-DADA-4BF6-8F4D-28B93D6E3CBC}.Release|Mixed Platforms.Build.0 = Release|Any CPU
		{8A2AF8BE-DADA-4BF6-8F4D-28B93D6E3CBC}.Release|x86.ActiveCfg = Release|Any CPU
		{8A2AF8BE-DADA-4BF6-8F4D-28B93D6E3CBC}.Staging|Any CPU.ActiveCfg = Staging|Any CPU
		{8A2AF8BE-DADA-4BF6-8F4D-28B93D6E3CBC}.Staging|Any CPU.Build.0 = Staging|Any CPU
		{8A2AF8BE-DADA-4BF6-8F4D-28B93D6E3CBC}.Staging|Mixed Platforms.ActiveCfg = Release|Any CPU
		{8A2AF8BE-DADA-4BF6-8F4D-28B93D6E3CBC}.Staging|x86.ActiveCfg = Release|Any CPU
		{9384ADD5-16A9-4F45-898C-9369123DE87D}.Debug|Any CPU.ActiveCfg = Debug
		{9384ADD5-16A9-4F45-898C-9369123DE87D}.Debug|Mixed Platforms.ActiveCfg = Debug
		{9384ADD5-16A9-4F45-898C-9369123DE87D}.Debug|x86.ActiveCfg = Debug
		{9384ADD5-16A9-4F45-898C-9369123DE87D}.Debug|x86.Build.0 = Debug
		{9384ADD5-16A9-4F45-898C-9369123DE87D}.RackspaceLocal|Any CPU.ActiveCfg = Release
		{9384ADD5-16A9-4F45-898C-9369123DE87D}.RackspaceLocal|Mixed Platforms.ActiveCfg = Release
		{9384ADD5-16A9-4F45-898C-9369123DE87D}.RackspaceLocal|x86.ActiveCfg = Release
		{9384ADD5-16A9-4F45-898C-9369123DE87D}.Release|Any CPU.ActiveCfg = Release
		{9384ADD5-16A9-4F45-898C-9369123DE87D}.Release|Mixed Platforms.ActiveCfg = Release
		{9384ADD5-16A9-4F45-898C-9369123DE87D}.Release|x86.ActiveCfg = Release
		{9384ADD5-16A9-4F45-898C-9369123DE87D}.Release|x86.Build.0 = Release
		{9384ADD5-16A9-4F45-898C-9369123DE87D}.Staging|Any CPU.ActiveCfg = Staging
		{9384ADD5-16A9-4F45-898C-9369123DE87D}.Staging|Mixed Platforms.ActiveCfg = Release
		{9384ADD5-16A9-4F45-898C-9369123DE87D}.Staging|x86.ActiveCfg = Release
		{C392657D-BE24-4BBC-B39C-4C9DEC5C1807}.Debug|Any CPU.ActiveCfg = Debug|Any CPU
		{C392657D-BE24-4BBC-B39C-4C9DEC5C1807}.Debug|Mixed Platforms.ActiveCfg = Debug|Any CPU
		{C392657D-BE24-4BBC-B39C-4C9DEC5C1807}.Debug|x86.ActiveCfg = Debug|Any CPU
		{C392657D-BE24-4BBC-B39C-4C9DEC5C1807}.RackspaceLocal|Any CPU.ActiveCfg = Release|Any CPU
		{C392657D-BE24-4BBC-B39C-4C9DEC5C1807}.RackspaceLocal|Mixed Platforms.ActiveCfg = Release|Any CPU
		{C392657D-BE24-4BBC-B39C-4C9DEC5C1807}.RackspaceLocal|x86.ActiveCfg = Release|Any CPU
		{C392657D-BE24-4BBC-B39C-4C9DEC5C1807}.Release|Any CPU.ActiveCfg = Release|Any CPU
		{C392657D-BE24-4BBC-B39C-4C9DEC5C1807}.Release|Mixed Platforms.ActiveCfg = Release|Any CPU
		{C392657D-BE24-4BBC-B39C-4C9DEC5C1807}.Release|x86.ActiveCfg = Release|Any CPU
		{C392657D-BE24-4BBC-B39C-4C9DEC5C1807}.Staging|Any CPU.ActiveCfg = Release|Any CPU
		{C392657D-BE24-4BBC-B39C-4C9DEC5C1807}.Staging|Mixed Platforms.ActiveCfg = Release|Any CPU
		{C392657D-BE24-4BBC-B39C-4C9DEC5C1807}.Staging|x86.ActiveCfg = Release|Any CPU
		{E05CEB40-9FBB-4013-9D18-400E610C8017}.Debug|Any CPU.ActiveCfg = Debug|Any CPU
		{E05CEB40-9FBB-4013-9D18-400E610C8017}.Debug|Any CPU.Build.0 = Debug|Any CPU
		{E05CEB40-9FBB-4013-9D18-400E610C8017}.Debug|Mixed Platforms.ActiveCfg = Debug|Any CPU
		{E05CEB40-9FBB-4013-9D18-400E610C8017}.Debug|Mixed Platforms.Build.0 = Debug|Any CPU
		{E05CEB40-9FBB-4013-9D18-400E610C8017}.Debug|x86.ActiveCfg = Debug|Any CPU
		{E05CEB40-9FBB-4013-9D18-400E610C8017}.RackspaceLocal|Any CPU.ActiveCfg = Release|Any CPU
		{E05CEB40-9FBB-4013-9D18-400E610C8017}.RackspaceLocal|Mixed Platforms.ActiveCfg = Release|Any CPU
		{E05CEB40-9FBB-4013-9D18-400E610C8017}.RackspaceLocal|x86.ActiveCfg = Release|Any CPU
		{E05CEB40-9FBB-4013-9D18-400E610C8017}.Release|Any CPU.ActiveCfg = Release|Any CPU
		{E05CEB40-9FBB-4013-9D18-400E610C8017}.Release|Any CPU.Build.0 = Release|Any CPU
		{E05CEB40-9FBB-4013-9D18-400E610C8017}.Release|Mixed Platforms.ActiveCfg = Release|Any CPU
		{E05CEB40-9FBB-4013-9D18-400E610C8017}.Release|Mixed Platforms.Build.0 = Release|Any CPU
		{E05CEB40-9FBB-4013-9D18-400E610C8017}.Release|x86.ActiveCfg = Release|Any CPU
		{E05CEB40-9FBB-4013-9D18-400E610C8017}.Staging|Any CPU.ActiveCfg = Release|Any CPU
		{E05CEB40-9FBB-4013-9D18-400E610C8017}.Staging|Mixed Platforms.ActiveCfg = Release|Any CPU
		{E05CEB40-9FBB-4013-9D18-400E610C8017}.Staging|x86.ActiveCfg = Release|Any CPU
		{847EEFF7-39B0-4905-ADB7-4FF351EEC80A}.Debug|Any CPU.ActiveCfg = Debug|x86
		{847EEFF7-39B0-4905-ADB7-4FF351EEC80A}.Debug|Mixed Platforms.ActiveCfg = Debug|x86
		{847EEFF7-39B0-4905-ADB7-4FF351EEC80A}.Debug|x86.ActiveCfg = Debug|x86
		{847EEFF7-39B0-4905-ADB7-4FF351EEC80A}.Debug|x86.Build.0 = Debug|x86
		{847EEFF7-39B0-4905-ADB7-4FF351EEC80A}.RackspaceLocal|Any CPU.ActiveCfg = Release|x86
		{847EEFF7-39B0-4905-ADB7-4FF351EEC80A}.RackspaceLocal|Mixed Platforms.ActiveCfg = Release|x86
		{847EEFF7-39B0-4905-ADB7-4FF351EEC80A}.RackspaceLocal|x86.ActiveCfg = Release|x86
		{847EEFF7-39B0-4905-ADB7-4FF351EEC80A}.Release|Any CPU.ActiveCfg = Release|x86
		{847EEFF7-39B0-4905-ADB7-4FF351EEC80A}.Release|Mixed Platforms.ActiveCfg = Release|x86
		{847EEFF7-39B0-4905-ADB7-4FF351EEC80A}.Release|x86.ActiveCfg = Release|x86
		{847EEFF7-39B0-4905-ADB7-4FF351EEC80A}.Release|x86.Build.0 = Release|x86
		{847EEFF7-39B0-4905-ADB7-4FF351EEC80A}.Staging|Any CPU.ActiveCfg = Release|x86
		{847EEFF7-39B0-4905-ADB7-4FF351EEC80A}.Staging|Mixed Platforms.ActiveCfg = Release|x86
		{847EEFF7-39B0-4905-ADB7-4FF351EEC80A}.Staging|x86.ActiveCfg = Release|x86
		{FCDD1271-9F68-4C94-9390-647FDA305BEC}.Debug|Any CPU.ActiveCfg = Debug|x86
		{FCDD1271-9F68-4C94-9390-647FDA305BEC}.Debug|Mixed Platforms.ActiveCfg = Debug|x86
		{FCDD1271-9F68-4C94-9390-647FDA305BEC}.Debug|x86.ActiveCfg = Debug|x86
		{FCDD1271-9F68-4C94-9390-647FDA305BEC}.Debug|x86.Build.0 = Debug|x86
		{FCDD1271-9F68-4C94-9390-647FDA305BEC}.RackspaceLocal|Any CPU.ActiveCfg = Release|x86
		{FCDD1271-9F68-4C94-9390-647FDA305BEC}.RackspaceLocal|Mixed Platforms.ActiveCfg = Release|x86
		{FCDD1271-9F68-4C94-9390-647FDA305BEC}.RackspaceLocal|x86.ActiveCfg = Release|x86
		{FCDD1271-9F68-4C94-9390-647FDA305BEC}.Release|Any CPU.ActiveCfg = Release|x86
		{FCDD1271-9F68-4C94-9390-647FDA305BEC}.Release|Mixed Platforms.ActiveCfg = Release|x86
		{FCDD1271-9F68-4C94-9390-647FDA305BEC}.Release|x86.ActiveCfg = Release|x86
		{FCDD1271-9F68-4C94-9390-647FDA305BEC}.Release|x86.Build.0 = Release|x86
		{FCDD1271-9F68-4C94-9390-647FDA305BEC}.Staging|Any CPU.ActiveCfg = Release|x86
		{FCDD1271-9F68-4C94-9390-647FDA305BEC}.Staging|Mixed Platforms.ActiveCfg = Release|x86
		{FCDD1271-9F68-4C94-9390-647FDA305BEC}.Staging|x86.ActiveCfg = Release|x86
		{35E0EF77-0AFD-480C-99C3-5DB4E2F53493}.Debug|Any CPU.ActiveCfg = Debug|x86
		{35E0EF77-0AFD-480C-99C3-5DB4E2F53493}.Debug|Mixed Platforms.ActiveCfg = Debug|x86
		{35E0EF77-0AFD-480C-99C3-5DB4E2F53493}.Debug|x86.ActiveCfg = Debug|x86
		{35E0EF77-0AFD-480C-99C3-5DB4E2F53493}.Debug|x86.Build.0 = Debug|x86
		{35E0EF77-0AFD-480C-99C3-5DB4E2F53493}.RackspaceLocal|Any CPU.ActiveCfg = Release|x86
		{35E0EF77-0AFD-480C-99C3-5DB4E2F53493}.RackspaceLocal|Mixed Platforms.ActiveCfg = Release|x86
		{35E0EF77-0AFD-480C-99C3-5DB4E2F53493}.RackspaceLocal|x86.ActiveCfg = Release|x86
		{35E0EF77-0AFD-480C-99C3-5DB4E2F53493}.Release|Any CPU.ActiveCfg = Release|x86
		{35E0EF77-0AFD-480C-99C3-5DB4E2F53493}.Release|Mixed Platforms.ActiveCfg = Release|x86
		{35E0EF77-0AFD-480C-99C3-5DB4E2F53493}.Release|x86.ActiveCfg = Release|x86
		{35E0EF77-0AFD-480C-99C3-5DB4E2F53493}.Release|x86.Build.0 = Release|x86
		{35E0EF77-0AFD-480C-99C3-5DB4E2F53493}.Staging|Any CPU.ActiveCfg = Release|x86
		{35E0EF77-0AFD-480C-99C3-5DB4E2F53493}.Staging|Mixed Platforms.ActiveCfg = Release|x86
		{35E0EF77-0AFD-480C-99C3-5DB4E2F53493}.Staging|x86.ActiveCfg = Release|x86
		{27DD79ED-1792-4490-9D9A-D337541744C3}.Debug|Any CPU.ActiveCfg = Debug|x86
		{27DD79ED-1792-4490-9D9A-D337541744C3}.Debug|Mixed Platforms.ActiveCfg = Debug|x86
		{27DD79ED-1792-4490-9D9A-D337541744C3}.Debug|x86.ActiveCfg = Debug|x86
		{27DD79ED-1792-4490-9D9A-D337541744C3}.Debug|x86.Build.0 = Debug|x86
		{27DD79ED-1792-4490-9D9A-D337541744C3}.RackspaceLocal|Any CPU.ActiveCfg = Release|x86
		{27DD79ED-1792-4490-9D9A-D337541744C3}.RackspaceLocal|Mixed Platforms.ActiveCfg = Release|x86
		{27DD79ED-1792-4490-9D9A-D337541744C3}.RackspaceLocal|x86.ActiveCfg = Release|x86
		{27DD79ED-1792-4490-9D9A-D337541744C3}.Release|Any CPU.ActiveCfg = Release|x86
		{27DD79ED-1792-4490-9D9A-D337541744C3}.Release|Mixed Platforms.ActiveCfg = Release|x86
		{27DD79ED-1792-4490-9D9A-D337541744C3}.Release|x86.ActiveCfg = Release|x86
		{27DD79ED-1792-4490-9D9A-D337541744C3}.Release|x86.Build.0 = Release|x86
		{27DD79ED-1792-4490-9D9A-D337541744C3}.Staging|Any CPU.ActiveCfg = Release|x86
		{27DD79ED-1792-4490-9D9A-D337541744C3}.Staging|Mixed Platforms.ActiveCfg = Release|x86
		{27DD79ED-1792-4490-9D9A-D337541744C3}.Staging|x86.ActiveCfg = Release|x86
		{BA4D068D-DAB9-4633-9655-627A852F23AC}.Debug|Any CPU.ActiveCfg = Debug|x86
		{BA4D068D-DAB9-4633-9655-627A852F23AC}.Debug|Mixed Platforms.ActiveCfg = Debug|x86
		{BA4D068D-DAB9-4633-9655-627A852F23AC}.Debug|x86.ActiveCfg = Debug|x86
		{BA4D068D-DAB9-4633-9655-627A852F23AC}.Debug|x86.Build.0 = Debug|x86
		{BA4D068D-DAB9-4633-9655-627A852F23AC}.RackspaceLocal|Any CPU.ActiveCfg = Release|x86
		{BA4D068D-DAB9-4633-9655-627A852F23AC}.RackspaceLocal|Mixed Platforms.ActiveCfg = Release|x86
		{BA4D068D-DAB9-4633-9655-627A852F23AC}.RackspaceLocal|x86.ActiveCfg = Release|x86
		{BA4D068D-DAB9-4633-9655-627A852F23AC}.Release|Any CPU.ActiveCfg = Release|x86
		{BA4D068D-DAB9-4633-9655-627A852F23AC}.Release|Mixed Platforms.ActiveCfg = Release|x86
		{BA4D068D-DAB9-4633-9655-627A852F23AC}.Release|x86.ActiveCfg = Release|x86
		{BA4D068D-DAB9-4633-9655-627A852F23AC}.Release|x86.Build.0 = Release|x86
		{BA4D068D-DAB9-4633-9655-627A852F23AC}.Staging|Any CPU.ActiveCfg = Release|x86
		{BA4D068D-DAB9-4633-9655-627A852F23AC}.Staging|Mixed Platforms.ActiveCfg = Release|x86
		{BA4D068D-DAB9-4633-9655-627A852F23AC}.Staging|x86.ActiveCfg = Release|x86
		{EB1D2BAF-E417-4B51-9E82-47FDE4C80CE6}.Debug|Any CPU.ActiveCfg = Debug|x86
		{EB1D2BAF-E417-4B51-9E82-47FDE4C80CE6}.Debug|Any CPU.Build.0 = Debug|x86
		{EB1D2BAF-E417-4B51-9E82-47FDE4C80CE6}.Debug|Mixed Platforms.ActiveCfg = Debug|x86
		{EB1D2BAF-E417-4B51-9E82-47FDE4C80CE6}.Debug|x86.ActiveCfg = Debug|x86
		{EB1D2BAF-E417-4B51-9E82-47FDE4C80CE6}.Debug|x86.Build.0 = Debug|x86
		{EB1D2BAF-E417-4B51-9E82-47FDE4C80CE6}.RackspaceLocal|Any CPU.ActiveCfg = Release|x86
		{EB1D2BAF-E417-4B51-9E82-47FDE4C80CE6}.RackspaceLocal|Mixed Platforms.ActiveCfg = Release|x86
		{EB1D2BAF-E417-4B51-9E82-47FDE4C80CE6}.RackspaceLocal|x86.ActiveCfg = Release|x86
		{EB1D2BAF-E417-4B51-9E82-47FDE4C80CE6}.Release|Any CPU.ActiveCfg = Release|x86
		{EB1D2BAF-E417-4B51-9E82-47FDE4C80CE6}.Release|Mixed Platforms.ActiveCfg = Release|x86
		{EB1D2BAF-E417-4B51-9E82-47FDE4C80CE6}.Release|x86.ActiveCfg = Release|x86
		{EB1D2BAF-E417-4B51-9E82-47FDE4C80CE6}.Release|x86.Build.0 = Release|x86
		{EB1D2BAF-E417-4B51-9E82-47FDE4C80CE6}.Staging|Any CPU.ActiveCfg = Release|x86
		{EB1D2BAF-E417-4B51-9E82-47FDE4C80CE6}.Staging|Mixed Platforms.ActiveCfg = Release|x86
		{EB1D2BAF-E417-4B51-9E82-47FDE4C80CE6}.Staging|x86.ActiveCfg = Release|x86
		{8C66A5E1-3217-462D-96B0-0C43F3654EA5}.Debug|Any CPU.ActiveCfg = Debug|x86
		{8C66A5E1-3217-462D-96B0-0C43F3654EA5}.Debug|Mixed Platforms.ActiveCfg = Debug|x86
		{8C66A5E1-3217-462D-96B0-0C43F3654EA5}.Debug|x86.ActiveCfg = Debug|x86
		{8C66A5E1-3217-462D-96B0-0C43F3654EA5}.Debug|x86.Build.0 = Debug|x86
		{8C66A5E1-3217-462D-96B0-0C43F3654EA5}.RackspaceLocal|Any CPU.ActiveCfg = Release|x86
		{8C66A5E1-3217-462D-96B0-0C43F3654EA5}.RackspaceLocal|Mixed Platforms.ActiveCfg = Release|x86
		{8C66A5E1-3217-462D-96B0-0C43F3654EA5}.RackspaceLocal|x86.ActiveCfg = Release|x86
		{8C66A5E1-3217-462D-96B0-0C43F3654EA5}.Release|Any CPU.ActiveCfg = Release|x86
		{8C66A5E1-3217-462D-96B0-0C43F3654EA5}.Release|Mixed Platforms.ActiveCfg = Release|x86
		{8C66A5E1-3217-462D-96B0-0C43F3654EA5}.Release|x86.ActiveCfg = Release|x86
		{8C66A5E1-3217-462D-96B0-0C43F3654EA5}.Release|x86.Build.0 = Release|x86
		{8C66A5E1-3217-462D-96B0-0C43F3654EA5}.Staging|Any CPU.ActiveCfg = Release|x86
		{8C66A5E1-3217-462D-96B0-0C43F3654EA5}.Staging|Mixed Platforms.ActiveCfg = Release|x86
		{8C66A5E1-3217-462D-96B0-0C43F3654EA5}.Staging|x86.ActiveCfg = Release|x86
		{A827C244-EB68-4040-9C86-05B212D924D7}.Debug|Any CPU.ActiveCfg = Debug|Any CPU
		{A827C244-EB68-4040-9C86-05B212D924D7}.Debug|Mixed Platforms.ActiveCfg = Debug|Any CPU
		{A827C244-EB68-4040-9C86-05B212D924D7}.Debug|Mixed Platforms.Build.0 = Debug|Any CPU
		{A827C244-EB68-4040-9C86-05B212D924D7}.Debug|x86.ActiveCfg = Debug|Any CPU
		{A827C244-EB68-4040-9C86-05B212D924D7}.RackspaceLocal|Any CPU.ActiveCfg = Release|Any CPU
		{A827C244-EB68-4040-9C86-05B212D924D7}.RackspaceLocal|Mixed Platforms.ActiveCfg = Release|Any CPU
		{A827C244-EB68-4040-9C86-05B212D924D7}.RackspaceLocal|x86.ActiveCfg = Release|Any CPU
		{A827C244-EB68-4040-9C86-05B212D924D7}.Release|Any CPU.ActiveCfg = Release|Any CPU
		{A827C244-EB68-4040-9C86-05B212D924D7}.Release|Mixed Platforms.ActiveCfg = Release|Any CPU
		{A827C244-EB68-4040-9C86-05B212D924D7}.Release|Mixed Platforms.Build.0 = Release|Any CPU
		{A827C244-EB68-4040-9C86-05B212D924D7}.Release|x86.ActiveCfg = Release|Any CPU
		{A827C244-EB68-4040-9C86-05B212D924D7}.Staging|Any CPU.ActiveCfg = Release|Any CPU
		{A827C244-EB68-4040-9C86-05B212D924D7}.Staging|Mixed Platforms.ActiveCfg = Release|Any CPU
		{A827C244-EB68-4040-9C86-05B212D924D7}.Staging|x86.ActiveCfg = Release|Any CPU
		{4D938355-48AC-48CD-A6A3-EF1B96620388}.Debug|Any CPU.ActiveCfg = Debug|x86
		{4D938355-48AC-48CD-A6A3-EF1B96620388}.Debug|Mixed Platforms.ActiveCfg = Debug|x86
		{4D938355-48AC-48CD-A6A3-EF1B96620388}.Debug|Mixed Platforms.Build.0 = Debug|x86
		{4D938355-48AC-48CD-A6A3-EF1B96620388}.Debug|x86.ActiveCfg = Debug|x86
		{4D938355-48AC-48CD-A6A3-EF1B96620388}.Debug|x86.Build.0 = Debug|x86
		{4D938355-48AC-48CD-A6A3-EF1B96620388}.RackspaceLocal|Any CPU.ActiveCfg = Release|x86
		{4D938355-48AC-48CD-A6A3-EF1B96620388}.RackspaceLocal|Mixed Platforms.ActiveCfg = Release|x86
		{4D938355-48AC-48CD-A6A3-EF1B96620388}.RackspaceLocal|x86.ActiveCfg = Release|x86
		{4D938355-48AC-48CD-A6A3-EF1B96620388}.Release|Any CPU.ActiveCfg = Release|x86
		{4D938355-48AC-48CD-A6A3-EF1B96620388}.Release|Mixed Platforms.ActiveCfg = Release|x86
		{4D938355-48AC-48CD-A6A3-EF1B96620388}.Release|Mixed Platforms.Build.0 = Release|x86
		{4D938355-48AC-48CD-A6A3-EF1B96620388}.Release|x86.ActiveCfg = Release|x86
		{4D938355-48AC-48CD-A6A3-EF1B96620388}.Release|x86.Build.0 = Release|x86
		{4D938355-48AC-48CD-A6A3-EF1B96620388}.Staging|Any CPU.ActiveCfg = Release|x86
		{4D938355-48AC-48CD-A6A3-EF1B96620388}.Staging|Mixed Platforms.ActiveCfg = Release|x86
		{4D938355-48AC-48CD-A6A3-EF1B96620388}.Staging|x86.ActiveCfg = Release|x86
		{BCC105FB-A56F-4380-847F-3CF38358AE5B}.Debug|Any CPU.ActiveCfg = Debug|Any CPU
		{BCC105FB-A56F-4380-847F-3CF38358AE5B}.Debug|Mixed Platforms.ActiveCfg = Debug|Any CPU
		{BCC105FB-A56F-4380-847F-3CF38358AE5B}.Debug|Mixed Platforms.Build.0 = Debug|Any CPU
		{BCC105FB-A56F-4380-847F-3CF38358AE5B}.Debug|x86.ActiveCfg = Debug|Any CPU
		{BCC105FB-A56F-4380-847F-3CF38358AE5B}.Debug|x86.Build.0 = Debug|Any CPU
		{BCC105FB-A56F-4380-847F-3CF38358AE5B}.RackspaceLocal|Any CPU.ActiveCfg = Release|Any CPU
		{BCC105FB-A56F-4380-847F-3CF38358AE5B}.RackspaceLocal|Any CPU.Build.0 = Release|Any CPU
		{BCC105FB-A56F-4380-847F-3CF38358AE5B}.RackspaceLocal|Mixed Platforms.ActiveCfg = Release|Any CPU
		{BCC105FB-A56F-4380-847F-3CF38358AE5B}.RackspaceLocal|Mixed Platforms.Build.0 = Release|Any CPU
		{BCC105FB-A56F-4380-847F-3CF38358AE5B}.RackspaceLocal|x86.ActiveCfg = Release|Any CPU
		{BCC105FB-A56F-4380-847F-3CF38358AE5B}.RackspaceLocal|x86.Build.0 = Release|Any CPU
		{BCC105FB-A56F-4380-847F-3CF38358AE5B}.Release|Any CPU.ActiveCfg = Release|Any CPU
		{BCC105FB-A56F-4380-847F-3CF38358AE5B}.Release|Mixed Platforms.ActiveCfg = Release|Any CPU
		{BCC105FB-A56F-4380-847F-3CF38358AE5B}.Release|Mixed Platforms.Build.0 = Release|Any CPU
		{BCC105FB-A56F-4380-847F-3CF38358AE5B}.Release|x86.ActiveCfg = Release|Any CPU
		{BCC105FB-A56F-4380-847F-3CF38358AE5B}.Release|x86.Build.0 = Release|Any CPU
		{BCC105FB-A56F-4380-847F-3CF38358AE5B}.Staging|Any CPU.ActiveCfg = Release|Any CPU
		{BCC105FB-A56F-4380-847F-3CF38358AE5B}.Staging|Any CPU.Build.0 = Release|Any CPU
		{BCC105FB-A56F-4380-847F-3CF38358AE5B}.Staging|Mixed Platforms.ActiveCfg = Release|Any CPU
		{BCC105FB-A56F-4380-847F-3CF38358AE5B}.Staging|Mixed Platforms.Build.0 = Release|Any CPU
		{BCC105FB-A56F-4380-847F-3CF38358AE5B}.Staging|x86.ActiveCfg = Release|Any CPU
		{BCC105FB-A56F-4380-847F-3CF38358AE5B}.Staging|x86.Build.0 = Release|Any CPU
		{C6299744-D368-4ADC-9830-CA677C5D8DA7}.Debug|Any CPU.ActiveCfg = Debug|Any CPU
		{C6299744-D368-4ADC-9830-CA677C5D8DA7}.Debug|Mixed Platforms.ActiveCfg = Debug|Any CPU
		{C6299744-D368-4ADC-9830-CA677C5D8DA7}.Debug|Mixed Platforms.Build.0 = Debug|Any CPU
		{C6299744-D368-4ADC-9830-CA677C5D8DA7}.Debug|x86.ActiveCfg = Debug|Any CPU
		{C6299744-D368-4ADC-9830-CA677C5D8DA7}.Debug|x86.Build.0 = Debug|Any CPU
		{C6299744-D368-4ADC-9830-CA677C5D8DA7}.RackspaceLocal|Any CPU.ActiveCfg = Release|Any CPU
		{C6299744-D368-4ADC-9830-CA677C5D8DA7}.RackspaceLocal|Any CPU.Build.0 = Release|Any CPU
		{C6299744-D368-4ADC-9830-CA677C5D8DA7}.RackspaceLocal|Mixed Platforms.ActiveCfg = Release|Any CPU
		{C6299744-D368-4ADC-9830-CA677C5D8DA7}.RackspaceLocal|Mixed Platforms.Build.0 = Release|Any CPU
		{C6299744-D368-4ADC-9830-CA677C5D8DA7}.RackspaceLocal|x86.ActiveCfg = Release|Any CPU
		{C6299744-D368-4ADC-9830-CA677C5D8DA7}.RackspaceLocal|x86.Build.0 = Release|Any CPU
		{C6299744-D368-4ADC-9830-CA677C5D8DA7}.Release|Any CPU.ActiveCfg = Release|Any CPU
		{C6299744-D368-4ADC-9830-CA677C5D8DA7}.Release|Mixed Platforms.ActiveCfg = Release|Any CPU
		{C6299744-D368-4ADC-9830-CA677C5D8DA7}.Release|Mixed Platforms.Build.0 = Release|Any CPU
		{C6299744-D368-4ADC-9830-CA677C5D8DA7}.Release|x86.ActiveCfg = Release|Any CPU
		{C6299744-D368-4ADC-9830-CA677C5D8DA7}.Release|x86.Build.0 = Release|Any CPU
		{C6299744-D368-4ADC-9830-CA677C5D8DA7}.Staging|Any CPU.ActiveCfg = Release|Any CPU
		{C6299744-D368-4ADC-9830-CA677C5D8DA7}.Staging|Any CPU.Build.0 = Release|Any CPU
		{C6299744-D368-4ADC-9830-CA677C5D8DA7}.Staging|Mixed Platforms.ActiveCfg = Release|Any CPU
		{C6299744-D368-4ADC-9830-CA677C5D8DA7}.Staging|Mixed Platforms.Build.0 = Release|Any CPU
		{C6299744-D368-4ADC-9830-CA677C5D8DA7}.Staging|x86.ActiveCfg = Release|Any CPU
		{C6299744-D368-4ADC-9830-CA677C5D8DA7}.Staging|x86.Build.0 = Release|Any CPU
		{09D87237-7CFB-43AD-93D1-86EB77AB8E53}.Debug|Any CPU.ActiveCfg = Debug|Any CPU
		{09D87237-7CFB-43AD-93D1-86EB77AB8E53}.Debug|Any CPU.Build.0 = Debug|Any CPU
		{09D87237-7CFB-43AD-93D1-86EB77AB8E53}.Debug|Mixed Platforms.ActiveCfg = Debug|Any CPU
		{09D87237-7CFB-43AD-93D1-86EB77AB8E53}.Debug|Mixed Platforms.Build.0 = Debug|Any CPU
		{09D87237-7CFB-43AD-93D1-86EB77AB8E53}.Debug|x86.ActiveCfg = Debug|Any CPU
		{09D87237-7CFB-43AD-93D1-86EB77AB8E53}.Debug|x86.Build.0 = Debug|Any CPU
		{09D87237-7CFB-43AD-93D1-86EB77AB8E53}.RackspaceLocal|Any CPU.ActiveCfg = Release|Any CPU
		{09D87237-7CFB-43AD-93D1-86EB77AB8E53}.RackspaceLocal|Any CPU.Build.0 = Release|Any CPU
		{09D87237-7CFB-43AD-93D1-86EB77AB8E53}.RackspaceLocal|Mixed Platforms.ActiveCfg = Release|Any CPU
		{09D87237-7CFB-43AD-93D1-86EB77AB8E53}.RackspaceLocal|Mixed Platforms.Build.0 = Release|Any CPU
		{09D87237-7CFB-43AD-93D1-86EB77AB8E53}.RackspaceLocal|x86.ActiveCfg = Release|Any CPU
		{09D87237-7CFB-43AD-93D1-86EB77AB8E53}.RackspaceLocal|x86.Build.0 = Release|Any CPU
		{09D87237-7CFB-43AD-93D1-86EB77AB8E53}.Release|Any CPU.ActiveCfg = Release|Any CPU
		{09D87237-7CFB-43AD-93D1-86EB77AB8E53}.Release|Any CPU.Build.0 = Release|Any CPU
		{09D87237-7CFB-43AD-93D1-86EB77AB8E53}.Release|Mixed Platforms.ActiveCfg = Release|Any CPU
		{09D87237-7CFB-43AD-93D1-86EB77AB8E53}.Release|Mixed Platforms.Build.0 = Release|Any CPU
		{09D87237-7CFB-43AD-93D1-86EB77AB8E53}.Release|x86.ActiveCfg = Release|Any CPU
		{09D87237-7CFB-43AD-93D1-86EB77AB8E53}.Release|x86.Build.0 = Release|Any CPU
		{09D87237-7CFB-43AD-93D1-86EB77AB8E53}.Staging|Any CPU.ActiveCfg = Release|Any CPU
		{09D87237-7CFB-43AD-93D1-86EB77AB8E53}.Staging|Any CPU.Build.0 = Release|Any CPU
		{09D87237-7CFB-43AD-93D1-86EB77AB8E53}.Staging|Mixed Platforms.ActiveCfg = Release|Any CPU
		{09D87237-7CFB-43AD-93D1-86EB77AB8E53}.Staging|Mixed Platforms.Build.0 = Release|Any CPU
		{09D87237-7CFB-43AD-93D1-86EB77AB8E53}.Staging|x86.ActiveCfg = Release|Any CPU
		{09D87237-7CFB-43AD-93D1-86EB77AB8E53}.Staging|x86.Build.0 = Release|Any CPU
		{C9E79074-C774-4D06-8ED3-C5472C4A9B82}.Debug|Any CPU.ActiveCfg = Debug|Any CPU
		{C9E79074-C774-4D06-8ED3-C5472C4A9B82}.Debug|Any CPU.Build.0 = Debug|Any CPU
		{C9E79074-C774-4D06-8ED3-C5472C4A9B82}.Debug|Mixed Platforms.ActiveCfg = Debug|Any CPU
		{C9E79074-C774-4D06-8ED3-C5472C4A9B82}.Debug|Mixed Platforms.Build.0 = Debug|Any CPU
		{C9E79074-C774-4D06-8ED3-C5472C4A9B82}.Debug|x86.ActiveCfg = Debug|Any CPU
		{C9E79074-C774-4D06-8ED3-C5472C4A9B82}.Debug|x86.Build.0 = Debug|Any CPU
		{C9E79074-C774-4D06-8ED3-C5472C4A9B82}.RackspaceLocal|Any CPU.ActiveCfg = Release|Any CPU
		{C9E79074-C774-4D06-8ED3-C5472C4A9B82}.RackspaceLocal|Any CPU.Build.0 = Release|Any CPU
		{C9E79074-C774-4D06-8ED3-C5472C4A9B82}.RackspaceLocal|Mixed Platforms.ActiveCfg = Release|Any CPU
		{C9E79074-C774-4D06-8ED3-C5472C4A9B82}.RackspaceLocal|Mixed Platforms.Build.0 = Release|Any CPU
		{C9E79074-C774-4D06-8ED3-C5472C4A9B82}.RackspaceLocal|x86.ActiveCfg = Release|Any CPU
		{C9E79074-C774-4D06-8ED3-C5472C4A9B82}.RackspaceLocal|x86.Build.0 = Release|Any CPU
		{C9E79074-C774-4D06-8ED3-C5472C4A9B82}.Release|Any CPU.ActiveCfg = Release|Any CPU
		{C9E79074-C774-4D06-8ED3-C5472C4A9B82}.Release|Any CPU.Build.0 = Release|Any CPU
		{C9E79074-C774-4D06-8ED3-C5472C4A9B82}.Release|Mixed Platforms.ActiveCfg = Release|Any CPU
		{C9E79074-C774-4D06-8ED3-C5472C4A9B82}.Release|Mixed Platforms.Build.0 = Release|Any CPU
		{C9E79074-C774-4D06-8ED3-C5472C4A9B82}.Release|x86.ActiveCfg = Release|Any CPU
		{C9E79074-C774-4D06-8ED3-C5472C4A9B82}.Release|x86.Build.0 = Release|Any CPU
		{C9E79074-C774-4D06-8ED3-C5472C4A9B82}.Staging|Any CPU.ActiveCfg = Release|Any CPU
		{C9E79074-C774-4D06-8ED3-C5472C4A9B82}.Staging|Any CPU.Build.0 = Release|Any CPU
		{C9E79074-C774-4D06-8ED3-C5472C4A9B82}.Staging|Mixed Platforms.ActiveCfg = Release|Any CPU
		{C9E79074-C774-4D06-8ED3-C5472C4A9B82}.Staging|Mixed Platforms.Build.0 = Release|Any CPU
		{C9E79074-C774-4D06-8ED3-C5472C4A9B82}.Staging|x86.ActiveCfg = Release|Any CPU
		{C9E79074-C774-4D06-8ED3-C5472C4A9B82}.Staging|x86.Build.0 = Release|Any CPU
		{90DAA4EE-AAE6-4B46-A3C3-C17AC7DD432B}.Debug|Any CPU.ActiveCfg = Debug
		{90DAA4EE-AAE6-4B46-A3C3-C17AC7DD432B}.Debug|Mixed Platforms.ActiveCfg = Debug
		{90DAA4EE-AAE6-4B46-A3C3-C17AC7DD432B}.Debug|Mixed Platforms.Build.0 = Debug
		{90DAA4EE-AAE6-4B46-A3C3-C17AC7DD432B}.Debug|x86.ActiveCfg = Debug
		{90DAA4EE-AAE6-4B46-A3C3-C17AC7DD432B}.Debug|x86.Build.0 = Debug
		{90DAA4EE-AAE6-4B46-A3C3-C17AC7DD432B}.RackspaceLocal|Any CPU.ActiveCfg = Release
		{90DAA4EE-AAE6-4B46-A3C3-C17AC7DD432B}.RackspaceLocal|Any CPU.Build.0 = Release
		{90DAA4EE-AAE6-4B46-A3C3-C17AC7DD432B}.RackspaceLocal|Mixed Platforms.ActiveCfg = Release
		{90DAA4EE-AAE6-4B46-A3C3-C17AC7DD432B}.RackspaceLocal|Mixed Platforms.Build.0 = Release
		{90DAA4EE-AAE6-4B46-A3C3-C17AC7DD432B}.RackspaceLocal|x86.ActiveCfg = Release
		{90DAA4EE-AAE6-4B46-A3C3-C17AC7DD432B}.RackspaceLocal|x86.Build.0 = Release
		{90DAA4EE-AAE6-4B46-A3C3-C17AC7DD432B}.Release|Any CPU.ActiveCfg = Release
		{90DAA4EE-AAE6-4B46-A3C3-C17AC7DD432B}.Release|Mixed Platforms.ActiveCfg = Release
		{90DAA4EE-AAE6-4B46-A3C3-C17AC7DD432B}.Release|Mixed Platforms.Build.0 = Release
		{90DAA4EE-AAE6-4B46-A3C3-C17AC7DD432B}.Release|x86.ActiveCfg = Release
		{90DAA4EE-AAE6-4B46-A3C3-C17AC7DD432B}.Release|x86.Build.0 = Release
		{90DAA4EE-AAE6-4B46-A3C3-C17AC7DD432B}.Staging|Any CPU.ActiveCfg = Release
		{90DAA4EE-AAE6-4B46-A3C3-C17AC7DD432B}.Staging|Mixed Platforms.ActiveCfg = Release
		{90DAA4EE-AAE6-4B46-A3C3-C17AC7DD432B}.Staging|Mixed Platforms.Build.0 = Release
		{90DAA4EE-AAE6-4B46-A3C3-C17AC7DD432B}.Staging|x86.ActiveCfg = Release
		{90DAA4EE-AAE6-4B46-A3C3-C17AC7DD432B}.Staging|x86.Build.0 = Release
		{61C8F3A3-C58C-4577-B012-27889B08ECE0}.Debug|Any CPU.ActiveCfg = Debug
		{61C8F3A3-C58C-4577-B012-27889B08ECE0}.Debug|Mixed Platforms.ActiveCfg = Debug
		{61C8F3A3-C58C-4577-B012-27889B08ECE0}.Debug|x86.ActiveCfg = Debug
		{61C8F3A3-C58C-4577-B012-27889B08ECE0}.RackspaceLocal|Any CPU.ActiveCfg = Release
		{61C8F3A3-C58C-4577-B012-27889B08ECE0}.RackspaceLocal|Mixed Platforms.ActiveCfg = Release
		{61C8F3A3-C58C-4577-B012-27889B08ECE0}.RackspaceLocal|x86.ActiveCfg = Release
		{61C8F3A3-C58C-4577-B012-27889B08ECE0}.Release|Any CPU.ActiveCfg = Release
		{61C8F3A3-C58C-4577-B012-27889B08ECE0}.Release|Mixed Platforms.ActiveCfg = Release
		{61C8F3A3-C58C-4577-B012-27889B08ECE0}.Release|x86.ActiveCfg = Release
		{61C8F3A3-C58C-4577-B012-27889B08ECE0}.Staging|Any CPU.ActiveCfg = Release
		{61C8F3A3-C58C-4577-B012-27889B08ECE0}.Staging|Mixed Platforms.ActiveCfg = Release
		{61C8F3A3-C58C-4577-B012-27889B08ECE0}.Staging|x86.ActiveCfg = Release
		{EA172B89-77F6-4B69-8AFF-17B0980861E2}.Debug|Any CPU.ActiveCfg = Debug|Any CPU
		{EA172B89-77F6-4B69-8AFF-17B0980861E2}.Debug|Any CPU.Build.0 = Debug|Any CPU
		{EA172B89-77F6-4B69-8AFF-17B0980861E2}.Debug|Mixed Platforms.ActiveCfg = Debug|Any CPU
		{EA172B89-77F6-4B69-8AFF-17B0980861E2}.Debug|Mixed Platforms.Build.0 = Debug|Any CPU
		{EA172B89-77F6-4B69-8AFF-17B0980861E2}.Debug|x86.ActiveCfg = Debug|Any CPU
		{EA172B89-77F6-4B69-8AFF-17B0980861E2}.Debug|x86.Build.0 = Debug|Any CPU
		{EA172B89-77F6-4B69-8AFF-17B0980861E2}.RackspaceLocal|Any CPU.ActiveCfg = Release|Any CPU
		{EA172B89-77F6-4B69-8AFF-17B0980861E2}.RackspaceLocal|Any CPU.Build.0 = Release|Any CPU
		{EA172B89-77F6-4B69-8AFF-17B0980861E2}.RackspaceLocal|Mixed Platforms.ActiveCfg = Release|Any CPU
		{EA172B89-77F6-4B69-8AFF-17B0980861E2}.RackspaceLocal|Mixed Platforms.Build.0 = Release|Any CPU
		{EA172B89-77F6-4B69-8AFF-17B0980861E2}.RackspaceLocal|x86.ActiveCfg = Release|Any CPU
		{EA172B89-77F6-4B69-8AFF-17B0980861E2}.RackspaceLocal|x86.Build.0 = Release|Any CPU
		{EA172B89-77F6-4B69-8AFF-17B0980861E2}.Release|Any CPU.ActiveCfg = Release|Any CPU
		{EA172B89-77F6-4B69-8AFF-17B0980861E2}.Release|Any CPU.Build.0 = Release|Any CPU
		{EA172B89-77F6-4B69-8AFF-17B0980861E2}.Release|Mixed Platforms.ActiveCfg = Release|Any CPU
		{EA172B89-77F6-4B69-8AFF-17B0980861E2}.Release|Mixed Platforms.Build.0 = Release|Any CPU
		{EA172B89-77F6-4B69-8AFF-17B0980861E2}.Release|x86.ActiveCfg = Release|Any CPU
		{EA172B89-77F6-4B69-8AFF-17B0980861E2}.Release|x86.Build.0 = Release|Any CPU
		{EA172B89-77F6-4B69-8AFF-17B0980861E2}.Staging|Any CPU.ActiveCfg = Release|Any CPU
		{EA172B89-77F6-4B69-8AFF-17B0980861E2}.Staging|Any CPU.Build.0 = Release|Any CPU
		{EA172B89-77F6-4B69-8AFF-17B0980861E2}.Staging|Mixed Platforms.ActiveCfg = Release|Any CPU
		{EA172B89-77F6-4B69-8AFF-17B0980861E2}.Staging|Mixed Platforms.Build.0 = Release|Any CPU
		{EA172B89-77F6-4B69-8AFF-17B0980861E2}.Staging|x86.ActiveCfg = Release|Any CPU
		{EA172B89-77F6-4B69-8AFF-17B0980861E2}.Staging|x86.Build.0 = Release|Any CPU
		{EACE7ED9-6DD3-455F-A1B5-3FF2EED9C0C2}.Debug|Any CPU.ActiveCfg = Debug|Any CPU
		{EACE7ED9-6DD3-455F-A1B5-3FF2EED9C0C2}.Debug|Any CPU.Build.0 = Debug|Any CPU
		{EACE7ED9-6DD3-455F-A1B5-3FF2EED9C0C2}.Debug|Mixed Platforms.ActiveCfg = Debug|Any CPU
		{EACE7ED9-6DD3-455F-A1B5-3FF2EED9C0C2}.Debug|Mixed Platforms.Build.0 = Debug|Any CPU
		{EACE7ED9-6DD3-455F-A1B5-3FF2EED9C0C2}.Debug|x86.ActiveCfg = Debug|Any CPU
		{EACE7ED9-6DD3-455F-A1B5-3FF2EED9C0C2}.Debug|x86.Build.0 = Debug|Any CPU
		{EACE7ED9-6DD3-455F-A1B5-3FF2EED9C0C2}.RackspaceLocal|Any CPU.ActiveCfg = Release|Any CPU
		{EACE7ED9-6DD3-455F-A1B5-3FF2EED9C0C2}.RackspaceLocal|Any CPU.Build.0 = Release|Any CPU
		{EACE7ED9-6DD3-455F-A1B5-3FF2EED9C0C2}.RackspaceLocal|Mixed Platforms.ActiveCfg = Release|Any CPU
		{EACE7ED9-6DD3-455F-A1B5-3FF2EED9C0C2}.RackspaceLocal|Mixed Platforms.Build.0 = Release|Any CPU
		{EACE7ED9-6DD3-455F-A1B5-3FF2EED9C0C2}.RackspaceLocal|x86.ActiveCfg = Release|Any CPU
		{EACE7ED9-6DD3-455F-A1B5-3FF2EED9C0C2}.RackspaceLocal|x86.Build.0 = Release|Any CPU
		{EACE7ED9-6DD3-455F-A1B5-3FF2EED9C0C2}.Release|Any CPU.ActiveCfg = Release|Any CPU
		{EACE7ED9-6DD3-455F-A1B5-3FF2EED9C0C2}.Release|Any CPU.Build.0 = Release|Any CPU
		{EACE7ED9-6DD3-455F-A1B5-3FF2EED9C0C2}.Release|Mixed Platforms.ActiveCfg = Release|Any CPU
		{EACE7ED9-6DD3-455F-A1B5-3FF2EED9C0C2}.Release|Mixed Platforms.Build.0 = Release|Any CPU
		{EACE7ED9-6DD3-455F-A1B5-3FF2EED9C0C2}.Release|x86.ActiveCfg = Release|Any CPU
		{EACE7ED9-6DD3-455F-A1B5-3FF2EED9C0C2}.Release|x86.Build.0 = Release|Any CPU
		{EACE7ED9-6DD3-455F-A1B5-3FF2EED9C0C2}.Staging|Any CPU.ActiveCfg = Release|Any CPU
		{EACE7ED9-6DD3-455F-A1B5-3FF2EED9C0C2}.Staging|Any CPU.Build.0 = Release|Any CPU
		{EACE7ED9-6DD3-455F-A1B5-3FF2EED9C0C2}.Staging|Mixed Platforms.ActiveCfg = Release|Any CPU
		{EACE7ED9-6DD3-455F-A1B5-3FF2EED9C0C2}.Staging|Mixed Platforms.Build.0 = Release|Any CPU
		{EACE7ED9-6DD3-455F-A1B5-3FF2EED9C0C2}.Staging|x86.ActiveCfg = Release|Any CPU
		{EACE7ED9-6DD3-455F-A1B5-3FF2EED9C0C2}.Staging|x86.Build.0 = Release|Any CPU
		{46603FBA-21DF-4A82-8DF2-A77CA992CE95}.Debug|Any CPU.ActiveCfg = Debug|Any CPU
		{46603FBA-21DF-4A82-8DF2-A77CA992CE95}.Debug|Any CPU.Build.0 = Debug|Any CPU
		{46603FBA-21DF-4A82-8DF2-A77CA992CE95}.Debug|Mixed Platforms.ActiveCfg = Debug|Any CPU
		{46603FBA-21DF-4A82-8DF2-A77CA992CE95}.Debug|Mixed Platforms.Build.0 = Debug|Any CPU
		{46603FBA-21DF-4A82-8DF2-A77CA992CE95}.Debug|x86.ActiveCfg = Debug|Any CPU
		{46603FBA-21DF-4A82-8DF2-A77CA992CE95}.Debug|x86.Build.0 = Debug|Any CPU
		{46603FBA-21DF-4A82-8DF2-A77CA992CE95}.RackspaceLocal|Any CPU.ActiveCfg = Release|Any CPU
		{46603FBA-21DF-4A82-8DF2-A77CA992CE95}.RackspaceLocal|Any CPU.Build.0 = Release|Any CPU
		{46603FBA-21DF-4A82-8DF2-A77CA992CE95}.RackspaceLocal|Mixed Platforms.ActiveCfg = Release|Any CPU
		{46603FBA-21DF-4A82-8DF2-A77CA992CE95}.RackspaceLocal|Mixed Platforms.Build.0 = Release|Any CPU
		{46603FBA-21DF-4A82-8DF2-A77CA992CE95}.RackspaceLocal|x86.ActiveCfg = Release|Any CPU
		{46603FBA-21DF-4A82-8DF2-A77CA992CE95}.RackspaceLocal|x86.Build.0 = Release|Any CPU
		{46603FBA-21DF-4A82-8DF2-A77CA992CE95}.Release|Any CPU.ActiveCfg = Release|Any CPU
		{46603FBA-21DF-4A82-8DF2-A77CA992CE95}.Release|Any CPU.Build.0 = Release|Any CPU
		{46603FBA-21DF-4A82-8DF2-A77CA992CE95}.Release|Mixed Platforms.ActiveCfg = Release|Any CPU
		{46603FBA-21DF-4A82-8DF2-A77CA992CE95}.Release|Mixed Platforms.Build.0 = Release|Any CPU
		{46603FBA-21DF-4A82-8DF2-A77CA992CE95}.Release|x86.ActiveCfg = Release|Any CPU
		{46603FBA-21DF-4A82-8DF2-A77CA992CE95}.Release|x86.Build.0 = Release|Any CPU
		{46603FBA-21DF-4A82-8DF2-A77CA992CE95}.Staging|Any CPU.ActiveCfg = Release|Any CPU
		{46603FBA-21DF-4A82-8DF2-A77CA992CE95}.Staging|Any CPU.Build.0 = Release|Any CPU
		{46603FBA-21DF-4A82-8DF2-A77CA992CE95}.Staging|Mixed Platforms.ActiveCfg = Release|Any CPU
		{46603FBA-21DF-4A82-8DF2-A77CA992CE95}.Staging|Mixed Platforms.Build.0 = Release|Any CPU
		{46603FBA-21DF-4A82-8DF2-A77CA992CE95}.Staging|x86.ActiveCfg = Release|Any CPU
		{46603FBA-21DF-4A82-8DF2-A77CA992CE95}.Staging|x86.Build.0 = Release|Any CPU
		{C782B255-282A-4CF5-9B53-320896BCCD33}.Debug|Any CPU.ActiveCfg = Debug|Any CPU
		{C782B255-282A-4CF5-9B53-320896BCCD33}.Debug|Any CPU.Build.0 = Debug|Any CPU
		{C782B255-282A-4CF5-9B53-320896BCCD33}.Debug|Mixed Platforms.ActiveCfg = Debug|Any CPU
		{C782B255-282A-4CF5-9B53-320896BCCD33}.Debug|Mixed Platforms.Build.0 = Debug|Any CPU
		{C782B255-282A-4CF5-9B53-320896BCCD33}.Debug|x86.ActiveCfg = Debug|Any CPU
		{C782B255-282A-4CF5-9B53-320896BCCD33}.Debug|x86.Build.0 = Debug|Any CPU
		{C782B255-282A-4CF5-9B53-320896BCCD33}.RackspaceLocal|Any CPU.ActiveCfg = Release|Any CPU
		{C782B255-282A-4CF5-9B53-320896BCCD33}.RackspaceLocal|Any CPU.Build.0 = Release|Any CPU
		{C782B255-282A-4CF5-9B53-320896BCCD33}.RackspaceLocal|Mixed Platforms.ActiveCfg = Release|Any CPU
		{C782B255-282A-4CF5-9B53-320896BCCD33}.RackspaceLocal|Mixed Platforms.Build.0 = Release|Any CPU
		{C782B255-282A-4CF5-9B53-320896BCCD33}.RackspaceLocal|x86.ActiveCfg = Release|Any CPU
		{C782B255-282A-4CF5-9B53-320896BCCD33}.RackspaceLocal|x86.Build.0 = Release|Any CPU
		{C782B255-282A-4CF5-9B53-320896BCCD33}.Release|Any CPU.ActiveCfg = Release|Any CPU
		{C782B255-282A-4CF5-9B53-320896BCCD33}.Release|Any CPU.Build.0 = Release|Any CPU
		{C782B255-282A-4CF5-9B53-320896BCCD33}.Release|Mixed Platforms.ActiveCfg = Release|Any CPU
		{C782B255-282A-4CF5-9B53-320896BCCD33}.Release|Mixed Platforms.Build.0 = Release|Any CPU
		{C782B255-282A-4CF5-9B53-320896BCCD33}.Release|x86.ActiveCfg = Release|Any CPU
		{C782B255-282A-4CF5-9B53-320896BCCD33}.Release|x86.Build.0 = Release|Any CPU
		{C782B255-282A-4CF5-9B53-320896BCCD33}.Staging|Any CPU.ActiveCfg = Release|Any CPU
		{C782B255-282A-4CF5-9B53-320896BCCD33}.Staging|Any CPU.Build.0 = Release|Any CPU
		{C782B255-282A-4CF5-9B53-320896BCCD33}.Staging|Mixed Platforms.ActiveCfg = Release|Any CPU
		{C782B255-282A-4CF5-9B53-320896BCCD33}.Staging|Mixed Platforms.Build.0 = Release|Any CPU
		{C782B255-282A-4CF5-9B53-320896BCCD33}.Staging|x86.ActiveCfg = Release|Any CPU
		{C782B255-282A-4CF5-9B53-320896BCCD33}.Staging|x86.Build.0 = Release|Any CPU
		{2EACA9B2-F39C-4636-8D64-263486E000F8}.Debug|Any CPU.ActiveCfg = Debug|x86
		{2EACA9B2-F39C-4636-8D64-263486E000F8}.Debug|Mixed Platforms.ActiveCfg = Debug|x86
		{2EACA9B2-F39C-4636-8D64-263486E000F8}.Debug|Mixed Platforms.Build.0 = Debug|x86
		{2EACA9B2-F39C-4636-8D64-263486E000F8}.Debug|x86.ActiveCfg = Debug|x86
		{2EACA9B2-F39C-4636-8D64-263486E000F8}.Debug|x86.Build.0 = Debug|x86
		{2EACA9B2-F39C-4636-8D64-263486E000F8}.RackspaceLocal|Any CPU.ActiveCfg = Release|x86
		{2EACA9B2-F39C-4636-8D64-263486E000F8}.RackspaceLocal|Any CPU.Build.0 = Release|x86
		{2EACA9B2-F39C-4636-8D64-263486E000F8}.RackspaceLocal|Mixed Platforms.ActiveCfg = Release|x86
		{2EACA9B2-F39C-4636-8D64-263486E000F8}.RackspaceLocal|Mixed Platforms.Build.0 = Release|x86
		{2EACA9B2-F39C-4636-8D64-263486E000F8}.RackspaceLocal|x86.ActiveCfg = Release|x86
		{2EACA9B2-F39C-4636-8D64-263486E000F8}.RackspaceLocal|x86.Build.0 = Release|x86
		{2EACA9B2-F39C-4636-8D64-263486E000F8}.Release|Any CPU.ActiveCfg = Release|x86
		{2EACA9B2-F39C-4636-8D64-263486E000F8}.Release|Mixed Platforms.ActiveCfg = Release|x86
		{2EACA9B2-F39C-4636-8D64-263486E000F8}.Release|Mixed Platforms.Build.0 = Release|x86
		{2EACA9B2-F39C-4636-8D64-263486E000F8}.Release|x86.ActiveCfg = Release|x86
		{2EACA9B2-F39C-4636-8D64-263486E000F8}.Release|x86.Build.0 = Release|x86
		{2EACA9B2-F39C-4636-8D64-263486E000F8}.Staging|Any CPU.ActiveCfg = Release|x86
		{2EACA9B2-F39C-4636-8D64-263486E000F8}.Staging|Any CPU.Build.0 = Release|x86
		{2EACA9B2-F39C-4636-8D64-263486E000F8}.Staging|Mixed Platforms.ActiveCfg = Release|x86
		{2EACA9B2-F39C-4636-8D64-263486E000F8}.Staging|Mixed Platforms.Build.0 = Release|x86
		{2EACA9B2-F39C-4636-8D64-263486E000F8}.Staging|x86.ActiveCfg = Release|x86
		{2EACA9B2-F39C-4636-8D64-263486E000F8}.Staging|x86.Build.0 = Release|x86
		{A2CBC8E0-DEE1-48C3-9949-70AADA5D32AD}.Debug|Any CPU.ActiveCfg = Debug|Any CPU
		{A2CBC8E0-DEE1-48C3-9949-70AADA5D32AD}.Debug|Any CPU.Build.0 = Debug|Any CPU
		{A2CBC8E0-DEE1-48C3-9949-70AADA5D32AD}.Debug|Mixed Platforms.ActiveCfg = Debug|Any CPU
		{A2CBC8E0-DEE1-48C3-9949-70AADA5D32AD}.Debug|Mixed Platforms.Build.0 = Debug|Any CPU
		{A2CBC8E0-DEE1-48C3-9949-70AADA5D32AD}.Debug|x86.ActiveCfg = Debug|Any CPU
		{A2CBC8E0-DEE1-48C3-9949-70AADA5D32AD}.Debug|x86.Build.0 = Debug|Any CPU
		{A2CBC8E0-DEE1-48C3-9949-70AADA5D32AD}.RackspaceLocal|Any CPU.ActiveCfg = Release|Any CPU
		{A2CBC8E0-DEE1-48C3-9949-70AADA5D32AD}.RackspaceLocal|Any CPU.Build.0 = Release|Any CPU
		{A2CBC8E0-DEE1-48C3-9949-70AADA5D32AD}.RackspaceLocal|Mixed Platforms.ActiveCfg = Release|Any CPU
		{A2CBC8E0-DEE1-48C3-9949-70AADA5D32AD}.RackspaceLocal|Mixed Platforms.Build.0 = Release|Any CPU
		{A2CBC8E0-DEE1-48C3-9949-70AADA5D32AD}.RackspaceLocal|x86.ActiveCfg = Release|Any CPU
		{A2CBC8E0-DEE1-48C3-9949-70AADA5D32AD}.RackspaceLocal|x86.Build.0 = Release|Any CPU
		{A2CBC8E0-DEE1-48C3-9949-70AADA5D32AD}.Release|Any CPU.ActiveCfg = Release|Any CPU
		{A2CBC8E0-DEE1-48C3-9949-70AADA5D32AD}.Release|Any CPU.Build.0 = Release|Any CPU
		{A2CBC8E0-DEE1-48C3-9949-70AADA5D32AD}.Release|Mixed Platforms.ActiveCfg = Release|Any CPU
		{A2CBC8E0-DEE1-48C3-9949-70AADA5D32AD}.Release|Mixed Platforms.Build.0 = Release|Any CPU
		{A2CBC8E0-DEE1-48C3-9949-70AADA5D32AD}.Release|x86.ActiveCfg = Release|Any CPU
		{A2CBC8E0-DEE1-48C3-9949-70AADA5D32AD}.Release|x86.Build.0 = Release|Any CPU
		{A2CBC8E0-DEE1-48C3-9949-70AADA5D32AD}.Staging|Any CPU.ActiveCfg = Release|Any CPU
		{A2CBC8E0-DEE1-48C3-9949-70AADA5D32AD}.Staging|Any CPU.Build.0 = Release|Any CPU
		{A2CBC8E0-DEE1-48C3-9949-70AADA5D32AD}.Staging|Mixed Platforms.ActiveCfg = Release|Any CPU
		{A2CBC8E0-DEE1-48C3-9949-70AADA5D32AD}.Staging|Mixed Platforms.Build.0 = Release|Any CPU
		{A2CBC8E0-DEE1-48C3-9949-70AADA5D32AD}.Staging|x86.ActiveCfg = Release|Any CPU
		{A2CBC8E0-DEE1-48C3-9949-70AADA5D32AD}.Staging|x86.Build.0 = Release|Any CPU
		{3956973E-9414-4603-93EE-DCA151679694}.Debug|Any CPU.ActiveCfg = Debug|Any CPU
		{3956973E-9414-4603-93EE-DCA151679694}.Debug|Any CPU.Build.0 = Debug|Any CPU
		{3956973E-9414-4603-93EE-DCA151679694}.Debug|Mixed Platforms.ActiveCfg = Debug|Any CPU
		{3956973E-9414-4603-93EE-DCA151679694}.Debug|Mixed Platforms.Build.0 = Debug|Any CPU
		{3956973E-9414-4603-93EE-DCA151679694}.Debug|x86.ActiveCfg = Debug|Any CPU
		{3956973E-9414-4603-93EE-DCA151679694}.Debug|x86.Build.0 = Debug|Any CPU
		{3956973E-9414-4603-93EE-DCA151679694}.RackspaceLocal|Any CPU.ActiveCfg = Release|Any CPU
		{3956973E-9414-4603-93EE-DCA151679694}.RackspaceLocal|Any CPU.Build.0 = Release|Any CPU
		{3956973E-9414-4603-93EE-DCA151679694}.RackspaceLocal|Mixed Platforms.ActiveCfg = Release|Any CPU
		{3956973E-9414-4603-93EE-DCA151679694}.RackspaceLocal|Mixed Platforms.Build.0 = Release|Any CPU
		{3956973E-9414-4603-93EE-DCA151679694}.RackspaceLocal|x86.ActiveCfg = Release|Any CPU
		{3956973E-9414-4603-93EE-DCA151679694}.RackspaceLocal|x86.Build.0 = Release|Any CPU
		{3956973E-9414-4603-93EE-DCA151679694}.Release|Any CPU.ActiveCfg = Release|Any CPU
		{3956973E-9414-4603-93EE-DCA151679694}.Release|Any CPU.Build.0 = Release|Any CPU
		{3956973E-9414-4603-93EE-DCA151679694}.Release|Mixed Platforms.ActiveCfg = Release|Any CPU
		{3956973E-9414-4603-93EE-DCA151679694}.Release|Mixed Platforms.Build.0 = Release|Any CPU
		{3956973E-9414-4603-93EE-DCA151679694}.Release|x86.ActiveCfg = Release|Any CPU
		{3956973E-9414-4603-93EE-DCA151679694}.Release|x86.Build.0 = Release|Any CPU
		{3956973E-9414-4603-93EE-DCA151679694}.Staging|Any CPU.ActiveCfg = Release|Any CPU
		{3956973E-9414-4603-93EE-DCA151679694}.Staging|Any CPU.Build.0 = Release|Any CPU
		{3956973E-9414-4603-93EE-DCA151679694}.Staging|Mixed Platforms.ActiveCfg = Release|Any CPU
		{3956973E-9414-4603-93EE-DCA151679694}.Staging|Mixed Platforms.Build.0 = Release|Any CPU
		{3956973E-9414-4603-93EE-DCA151679694}.Staging|x86.ActiveCfg = Release|Any CPU
		{3956973E-9414-4603-93EE-DCA151679694}.Staging|x86.Build.0 = Release|Any CPU
		{1B601014-8173-4036-95F8-87B6DD131DED}.Debug|Any CPU.ActiveCfg = Debug|Any CPU
		{1B601014-8173-4036-95F8-87B6DD131DED}.Debug|Any CPU.Build.0 = Debug|Any CPU
		{1B601014-8173-4036-95F8-87B6DD131DED}.Debug|Mixed Platforms.ActiveCfg = Debug|Any CPU
		{1B601014-8173-4036-95F8-87B6DD131DED}.Debug|Mixed Platforms.Build.0 = Debug|Any CPU
		{1B601014-8173-4036-95F8-87B6DD131DED}.Debug|x86.ActiveCfg = Debug|Any CPU
		{1B601014-8173-4036-95F8-87B6DD131DED}.Debug|x86.Build.0 = Debug|Any CPU
		{1B601014-8173-4036-95F8-87B6DD131DED}.RackspaceLocal|Any CPU.ActiveCfg = Release|Any CPU
		{1B601014-8173-4036-95F8-87B6DD131DED}.RackspaceLocal|Any CPU.Build.0 = Release|Any CPU
		{1B601014-8173-4036-95F8-87B6DD131DED}.RackspaceLocal|Mixed Platforms.ActiveCfg = Release|Any CPU
		{1B601014-8173-4036-95F8-87B6DD131DED}.RackspaceLocal|Mixed Platforms.Build.0 = Release|Any CPU
		{1B601014-8173-4036-95F8-87B6DD131DED}.RackspaceLocal|x86.ActiveCfg = Release|Any CPU
		{1B601014-8173-4036-95F8-87B6DD131DED}.RackspaceLocal|x86.Build.0 = Release|Any CPU
		{1B601014-8173-4036-95F8-87B6DD131DED}.Release|Any CPU.ActiveCfg = Release|Any CPU
		{1B601014-8173-4036-95F8-87B6DD131DED}.Release|Any CPU.Build.0 = Release|Any CPU
		{1B601014-8173-4036-95F8-87B6DD131DED}.Release|Mixed Platforms.ActiveCfg = Release|Any CPU
		{1B601014-8173-4036-95F8-87B6DD131DED}.Release|Mixed Platforms.Build.0 = Release|Any CPU
		{1B601014-8173-4036-95F8-87B6DD131DED}.Release|x86.ActiveCfg = Release|Any CPU
		{1B601014-8173-4036-95F8-87B6DD131DED}.Release|x86.Build.0 = Release|Any CPU
		{1B601014-8173-4036-95F8-87B6DD131DED}.Staging|Any CPU.ActiveCfg = Release|Any CPU
		{1B601014-8173-4036-95F8-87B6DD131DED}.Staging|Any CPU.Build.0 = Release|Any CPU
		{1B601014-8173-4036-95F8-87B6DD131DED}.Staging|Mixed Platforms.ActiveCfg = Release|Any CPU
		{1B601014-8173-4036-95F8-87B6DD131DED}.Staging|Mixed Platforms.Build.0 = Release|Any CPU
		{1B601014-8173-4036-95F8-87B6DD131DED}.Staging|x86.ActiveCfg = Release|Any CPU
		{1B601014-8173-4036-95F8-87B6DD131DED}.Staging|x86.Build.0 = Release|Any CPU
		{5615CA95-EB04-4555-BC95-DE62763F3994}.Debug|Any CPU.ActiveCfg = Debug|Any CPU
		{5615CA95-EB04-4555-BC95-DE62763F3994}.Debug|Any CPU.Build.0 = Debug|Any CPU
		{5615CA95-EB04-4555-BC95-DE62763F3994}.Debug|Mixed Platforms.ActiveCfg = Debug|Any CPU
		{5615CA95-EB04-4555-BC95-DE62763F3994}.Debug|Mixed Platforms.Build.0 = Debug|Any CPU
		{5615CA95-EB04-4555-BC95-DE62763F3994}.Debug|x86.ActiveCfg = Debug|Any CPU
		{5615CA95-EB04-4555-BC95-DE62763F3994}.Debug|x86.Build.0 = Debug|Any CPU
		{5615CA95-EB04-4555-BC95-DE62763F3994}.RackspaceLocal|Any CPU.ActiveCfg = Release|Any CPU
		{5615CA95-EB04-4555-BC95-DE62763F3994}.RackspaceLocal|Any CPU.Build.0 = Release|Any CPU
		{5615CA95-EB04-4555-BC95-DE62763F3994}.RackspaceLocal|Mixed Platforms.ActiveCfg = Release|Any CPU
		{5615CA95-EB04-4555-BC95-DE62763F3994}.RackspaceLocal|Mixed Platforms.Build.0 = Release|Any CPU
		{5615CA95-EB04-4555-BC95-DE62763F3994}.RackspaceLocal|x86.ActiveCfg = Release|Any CPU
		{5615CA95-EB04-4555-BC95-DE62763F3994}.RackspaceLocal|x86.Build.0 = Release|Any CPU
		{5615CA95-EB04-4555-BC95-DE62763F3994}.Release|Any CPU.ActiveCfg = Release|Any CPU
		{5615CA95-EB04-4555-BC95-DE62763F3994}.Release|Any CPU.Build.0 = Release|Any CPU
		{5615CA95-EB04-4555-BC95-DE62763F3994}.Release|Mixed Platforms.ActiveCfg = Release|Any CPU
		{5615CA95-EB04-4555-BC95-DE62763F3994}.Release|Mixed Platforms.Build.0 = Release|Any CPU
		{5615CA95-EB04-4555-BC95-DE62763F3994}.Release|x86.ActiveCfg = Release|Any CPU
		{5615CA95-EB04-4555-BC95-DE62763F3994}.Release|x86.Build.0 = Release|Any CPU
		{5615CA95-EB04-4555-BC95-DE62763F3994}.Staging|Any CPU.ActiveCfg = Release|Any CPU
		{5615CA95-EB04-4555-BC95-DE62763F3994}.Staging|Any CPU.Build.0 = Release|Any CPU
		{5615CA95-EB04-4555-BC95-DE62763F3994}.Staging|Mixed Platforms.ActiveCfg = Release|Any CPU
		{5615CA95-EB04-4555-BC95-DE62763F3994}.Staging|Mixed Platforms.Build.0 = Release|Any CPU
		{5615CA95-EB04-4555-BC95-DE62763F3994}.Staging|x86.ActiveCfg = Release|Any CPU
		{5615CA95-EB04-4555-BC95-DE62763F3994}.Staging|x86.Build.0 = Release|Any CPU
		{13E3A8BC-E8CC-4206-9C62-BC4394D2424A}.Debug|Any CPU.ActiveCfg = Debug|Any CPU
		{13E3A8BC-E8CC-4206-9C62-BC4394D2424A}.Debug|Any CPU.Build.0 = Debug|Any CPU
		{13E3A8BC-E8CC-4206-9C62-BC4394D2424A}.Debug|Mixed Platforms.ActiveCfg = Debug|Any CPU
		{13E3A8BC-E8CC-4206-9C62-BC4394D2424A}.Debug|Mixed Platforms.Build.0 = Debug|Any CPU
		{13E3A8BC-E8CC-4206-9C62-BC4394D2424A}.Debug|x86.ActiveCfg = Debug|Any CPU
		{13E3A8BC-E8CC-4206-9C62-BC4394D2424A}.Debug|x86.Build.0 = Debug|Any CPU
		{13E3A8BC-E8CC-4206-9C62-BC4394D2424A}.RackspaceLocal|Any CPU.ActiveCfg = Release|Any CPU
		{13E3A8BC-E8CC-4206-9C62-BC4394D2424A}.RackspaceLocal|Any CPU.Build.0 = Release|Any CPU
		{13E3A8BC-E8CC-4206-9C62-BC4394D2424A}.RackspaceLocal|Mixed Platforms.ActiveCfg = Release|Any CPU
		{13E3A8BC-E8CC-4206-9C62-BC4394D2424A}.RackspaceLocal|Mixed Platforms.Build.0 = Release|Any CPU
		{13E3A8BC-E8CC-4206-9C62-BC4394D2424A}.RackspaceLocal|x86.ActiveCfg = Release|Any CPU
		{13E3A8BC-E8CC-4206-9C62-BC4394D2424A}.RackspaceLocal|x86.Build.0 = Release|Any CPU
		{13E3A8BC-E8CC-4206-9C62-BC4394D2424A}.Release|Any CPU.ActiveCfg = Release|Any CPU
		{13E3A8BC-E8CC-4206-9C62-BC4394D2424A}.Release|Any CPU.Build.0 = Release|Any CPU
		{13E3A8BC-E8CC-4206-9C62-BC4394D2424A}.Release|Mixed Platforms.ActiveCfg = Release|Any CPU
		{13E3A8BC-E8CC-4206-9C62-BC4394D2424A}.Release|Mixed Platforms.Build.0 = Release|Any CPU
		{13E3A8BC-E8CC-4206-9C62-BC4394D2424A}.Release|x86.ActiveCfg = Release|Any CPU
		{13E3A8BC-E8CC-4206-9C62-BC4394D2424A}.Release|x86.Build.0 = Release|Any CPU
		{13E3A8BC-E8CC-4206-9C62-BC4394D2424A}.Staging|Any CPU.ActiveCfg = Release|Any CPU
		{13E3A8BC-E8CC-4206-9C62-BC4394D2424A}.Staging|Any CPU.Build.0 = Release|Any CPU
		{13E3A8BC-E8CC-4206-9C62-BC4394D2424A}.Staging|Mixed Platforms.ActiveCfg = Release|Any CPU
		{13E3A8BC-E8CC-4206-9C62-BC4394D2424A}.Staging|Mixed Platforms.Build.0 = Release|Any CPU
		{13E3A8BC-E8CC-4206-9C62-BC4394D2424A}.Staging|x86.ActiveCfg = Release|Any CPU
		{13E3A8BC-E8CC-4206-9C62-BC4394D2424A}.Staging|x86.Build.0 = Release|Any CPU
		{76F5F7C6-B3B2-46E4-8DB1-0F0534239FCE}.Debug|Any CPU.ActiveCfg = Debug|Any CPU
		{76F5F7C6-B3B2-46E4-8DB1-0F0534239FCE}.Debug|Any CPU.Build.0 = Debug|Any CPU
		{76F5F7C6-B3B2-46E4-8DB1-0F0534239FCE}.Debug|Mixed Platforms.ActiveCfg = Debug|Any CPU
		{76F5F7C6-B3B2-46E4-8DB1-0F0534239FCE}.Debug|Mixed Platforms.Build.0 = Debug|Any CPU
		{76F5F7C6-B3B2-46E4-8DB1-0F0534239FCE}.Debug|x86.ActiveCfg = Debug|Any CPU
		{76F5F7C6-B3B2-46E4-8DB1-0F0534239FCE}.Debug|x86.Build.0 = Debug|Any CPU
		{76F5F7C6-B3B2-46E4-8DB1-0F0534239FCE}.RackspaceLocal|Any CPU.ActiveCfg = Release|Any CPU
		{76F5F7C6-B3B2-46E4-8DB1-0F0534239FCE}.RackspaceLocal|Any CPU.Build.0 = Release|Any CPU
		{76F5F7C6-B3B2-46E4-8DB1-0F0534239FCE}.RackspaceLocal|Mixed Platforms.ActiveCfg = Release|Any CPU
		{76F5F7C6-B3B2-46E4-8DB1-0F0534239FCE}.RackspaceLocal|Mixed Platforms.Build.0 = Release|Any CPU
		{76F5F7C6-B3B2-46E4-8DB1-0F0534239FCE}.RackspaceLocal|x86.ActiveCfg = Release|Any CPU
		{76F5F7C6-B3B2-46E4-8DB1-0F0534239FCE}.RackspaceLocal|x86.Build.0 = Release|Any CPU
		{76F5F7C6-B3B2-46E4-8DB1-0F0534239FCE}.Release|Any CPU.ActiveCfg = Release|Any CPU
		{76F5F7C6-B3B2-46E4-8DB1-0F0534239FCE}.Release|Any CPU.Build.0 = Release|Any CPU
		{76F5F7C6-B3B2-46E4-8DB1-0F0534239FCE}.Release|Mixed Platforms.ActiveCfg = Release|Any CPU
		{76F5F7C6-B3B2-46E4-8DB1-0F0534239FCE}.Release|Mixed Platforms.Build.0 = Release|Any CPU
		{76F5F7C6-B3B2-46E4-8DB1-0F0534239FCE}.Release|x86.ActiveCfg = Release|Any CPU
		{76F5F7C6-B3B2-46E4-8DB1-0F0534239FCE}.Release|x86.Build.0 = Release|Any CPU
		{76F5F7C6-B3B2-46E4-8DB1-0F0534239FCE}.Staging|Any CPU.ActiveCfg = Release|Any CPU
		{76F5F7C6-B3B2-46E4-8DB1-0F0534239FCE}.Staging|Any CPU.Build.0 = Release|Any CPU
		{76F5F7C6-B3B2-46E4-8DB1-0F0534239FCE}.Staging|Mixed Platforms.ActiveCfg = Release|Any CPU
		{76F5F7C6-B3B2-46E4-8DB1-0F0534239FCE}.Staging|Mixed Platforms.Build.0 = Release|Any CPU
		{76F5F7C6-B3B2-46E4-8DB1-0F0534239FCE}.Staging|x86.ActiveCfg = Release|Any CPU
		{76F5F7C6-B3B2-46E4-8DB1-0F0534239FCE}.Staging|x86.Build.0 = Release|Any CPU
	EndGlobalSection
	GlobalSection(SolutionProperties) = preSolution
		HideSolutionNode = FALSE
	EndGlobalSection
	GlobalSection(NestedProjects) = preSolution
		{444583E0-33F1-4C62-8FE7-18B4DE80BBC5} = {B09AF3DD-B966-4677-93CB-424B6C7C3E2F}
		{C392657D-BE24-4BBC-B39C-4C9DEC5C1807} = {B09AF3DD-B966-4677-93CB-424B6C7C3E2F}
		{847EEFF7-39B0-4905-ADB7-4FF351EEC80A} = {B09AF3DD-B966-4677-93CB-424B6C7C3E2F}
		{FCDD1271-9F68-4C94-9390-647FDA305BEC} = {B09AF3DD-B966-4677-93CB-424B6C7C3E2F}
		{35E0EF77-0AFD-480C-99C3-5DB4E2F53493} = {B09AF3DD-B966-4677-93CB-424B6C7C3E2F}
		{27DD79ED-1792-4490-9D9A-D337541744C3} = {B09AF3DD-B966-4677-93CB-424B6C7C3E2F}
		{BA4D068D-DAB9-4633-9655-627A852F23AC} = {B09AF3DD-B966-4677-93CB-424B6C7C3E2F}
		{EB1D2BAF-E417-4B51-9E82-47FDE4C80CE6} = {B09AF3DD-B966-4677-93CB-424B6C7C3E2F}
		{8C66A5E1-3217-462D-96B0-0C43F3654EA5} = {B09AF3DD-B966-4677-93CB-424B6C7C3E2F}
		{4D938355-48AC-48CD-A6A3-EF1B96620388} = {444583E0-33F1-4C62-8FE7-18B4DE80BBC5}
		{EA172B89-77F6-4B69-8AFF-17B0980861E2} = {444583E0-33F1-4C62-8FE7-18B4DE80BBC5}
		{EACE7ED9-6DD3-455F-A1B5-3FF2EED9C0C2} = {444583E0-33F1-4C62-8FE7-18B4DE80BBC5}
		{46603FBA-21DF-4A82-8DF2-A77CA992CE95} = {444583E0-33F1-4C62-8FE7-18B4DE80BBC5}
		{C782B255-282A-4CF5-9B53-320896BCCD33} = {444583E0-33F1-4C62-8FE7-18B4DE80BBC5}
		{2EACA9B2-F39C-4636-8D64-263486E000F8} = {444583E0-33F1-4C62-8FE7-18B4DE80BBC5}
		{A2CBC8E0-DEE1-48C3-9949-70AADA5D32AD} = {444583E0-33F1-4C62-8FE7-18B4DE80BBC5}
		{3956973E-9414-4603-93EE-DCA151679694} = {444583E0-33F1-4C62-8FE7-18B4DE80BBC5}
		{1B601014-8173-4036-95F8-87B6DD131DED} = {444583E0-33F1-4C62-8FE7-18B4DE80BBC5}
		{13E3A8BC-E8CC-4206-9C62-BC4394D2424A} = {444583E0-33F1-4C62-8FE7-18B4DE80BBC5}
		{76F5F7C6-B3B2-46E4-8DB1-0F0534239FCE} = {444583E0-33F1-4C62-8FE7-18B4DE80BBC5}
	EndGlobalSection
	GlobalSection(ExtensibilityGlobals) = postSolution
		SolutionGuid = {BBF206F7-BDDE-4FB3-A963-4B73AE2DDF2D}
	EndGlobalSection
	GlobalSection(SubversionScc) = preSolution
		Svn-Managed = True
		Manager = AnkhSVN - Subversion Support for Visual Studio
	EndGlobalSection
EndGlobal
